// !$*UTF8*$!
{
	archiveVersion = 1;
	classes = {
	};
	objectVersion = 56;
	objects = {

/* Begin PBXBuildFile section */
		FB0993FA290025DF00617431 /* AppDelegate.swift in Sources */ = {isa = PBXBuildFile; fileRef = FB0993F9290025DF00617431 /* AppDelegate.swift */; };
		FB0993FC290025DF00617431 /* SceneDelegate.swift in Sources */ = {isa = PBXBuildFile; fileRef = FB0993FB290025DF00617431 /* SceneDelegate.swift */; };
		FB0993FE290025DF00617431 /* ViewController.swift in Sources */ = {isa = PBXBuildFile; fileRef = FB0993FD290025DF00617431 /* ViewController.swift */; };
		FB099401290025DF00617431 /* Main.storyboard in Resources */ = {isa = PBXBuildFile; fileRef = FB0993FF290025DF00617431 /* Main.storyboard */; };
		FB099404290025DF00617431 /* myMultimediaApp.xcdatamodeld in Sources */ = {isa = PBXBuildFile; fileRef = FB099402290025DF00617431 /* myMultimediaApp.xcdatamodeld */; };
		FB099406290025E000617431 /* Assets.xcassets in Resources */ = {isa = PBXBuildFile; fileRef = FB099405290025E000617431 /* Assets.xcassets */; };
		FB099409290025E000617431 /* LaunchScreen.storyboard in Resources */ = {isa = PBXBuildFile; fileRef = FB099407290025E000617431 /* LaunchScreen.storyboard */; };
		FB0994132902C97300617431 /* SecondViewController.swift in Sources */ = {isa = PBXBuildFile; fileRef = FB0994122902C97300617431 /* SecondViewController.swift */; };
		FB0994152902CA9400617431 /* ThirdViewController.swift in Sources */ = {isa = PBXBuildFile; fileRef = FB0994142902CA9400617431 /* ThirdViewController.swift */; };
		FB0994182902D1B800617431 /* monke.mp4 in Resources */ = {isa = PBXBuildFile; fileRef = FB0994172902D1B700617431 /* monke.mp4 */; };
/* End PBXBuildFile section */

/* Begin PBXFileReference section */
		FB0993F6290025DF00617431 /* myMultimediaApp.app */ = {isa = PBXFileReference; explicitFileType = wrapper.application; includeInIndex = 0; path = myMultimediaApp.app; sourceTree = BUILT_PRODUCTS_DIR; };
		FB0993F9290025DF00617431 /* AppDelegate.swift */ = {isa = PBXFileReference; lastKnownFileType = sourcecode.swift; path = AppDelegate.swift; sourceTree = "<group>"; };
		FB0993FB290025DF00617431 /* SceneDelegate.swift */ = {isa = PBXFileReference; lastKnownFileType = sourcecode.swift; path = SceneDelegate.swift; sourceTree = "<group>"; };
		FB0993FD290025DF00617431 /* ViewController.swift */ = {isa = PBXFileReference; lastKnownFileType = sourcecode.swift; path = ViewController.swift; sourceTree = "<group>"; };
		FB099400290025DF00617431 /* Base */ = {isa = PBXFileReference; lastKnownFileType = file.storyboard; name = Base; path = Base.lproj/Main.storyboard; sourceTree = "<group>"; };
		FB099403290025DF00617431 /* myMultimediaApp.xcdatamodel */ = {isa = PBXFileReference; lastKnownFileType = wrapper.xcdatamodel; path = myMultimediaApp.xcdatamodel; sourceTree = "<group>"; };
		FB099405290025E000617431 /* Assets.xcassets */ = {isa = PBXFileReference; lastKnownFileType = folder.assetcatalog; path = Assets.xcassets; sourceTree = "<group>"; };
		FB099408290025E000617431 /* Base */ = {isa = PBXFileReference; lastKnownFileType = file.storyboard; name = Base; path = Base.lproj/LaunchScreen.storyboard; sourceTree = "<group>"; };
		FB09940A290025E000617431 /* Info.plist */ = {isa = PBXFileReference; lastKnownFileType = text.plist.xml; path = Info.plist; sourceTree = "<group>"; };
		FB0994122902C97300617431 /* SecondViewController.swift */ = {isa = PBXFileReference; lastKnownFileType = sourcecode.swift; path = SecondViewController.swift; sourceTree = SOURCE_ROOT; };
		FB0994142902CA9400617431 /* ThirdViewController.swift */ = {isa = PBXFileReference; lastKnownFileType = sourcecode.swift; path = ThirdViewController.swift; sourceTree = "<group>"; };
		FB0994172902D1B700617431 /* monke.mp4 */ = {isa = PBXFileReference; lastKnownFileType = file; name = monke.mp4; path = ../../../../Users/alumno/Downloads/monke.mp4; sourceTree = "<group>"; };
/* End PBXFileReference section */

/* Begin PBXFrameworksBuildPhase section */
		FB0993F3290025DF00617431 /* Frameworks */ = {
			isa = PBXFrameworksBuildPhase;
			buildActionMask = 2147483647;
			files = (
			);
			runOnlyForDeploymentPostprocessing = 0;
		};
/* End PBXFrameworksBuildPhase section */

/* Begin PBXGroup section */
		FB0993ED290025DE00617431 = {
			isa = PBXGroup;
			children = (
				FB0993F8290025DF00617431 /* myMultimediaApp */,
				FB0993F7290025DF00617431 /* Products */,
			);
			sourceTree = "<group>";
		};
		FB0993F7290025DF00617431 /* Products */ = {
			isa = PBXGroup;
			children = (
				FB0993F6290025DF00617431 /* myMultimediaApp.app */,
			);
			name = Products;
			sourceTree = "<group>";
		};
		FB0993F8290025DF00617431 /* myMultimediaApp */ = {
			isa = PBXGroup;
			children = (
				FB0994172902D1B700617431 /* monke.mp4 */,
				FB0993F9290025DF00617431 /* AppDelegate.swift */,
				FB0993FB290025DF00617431 /* SceneDelegate.swift */,
				FB0993FD290025DF00617431 /* ViewController.swift */,
				FB0994122902C97300617431 /* SecondViewController.swift */,
				FB0994142902CA9400617431 /* ThirdViewController.swift */,
				FB0993FF290025DF00617431 /* Main.storyboard */,
				FB099405290025E000617431 /* Assets.xcassets */,
				FB099407290025E000617431 /* LaunchScreen.storyboard */,
				FB09940A290025E000617431 /* Info.plist */,
				FB099402290025DF00617431 /* myMultimediaApp.xcdatamodeld */,
			);
			path = myMultimediaApp;
			sourceTree = "<group>";
		};
/* End PBXGroup section */

/* Begin PBXNativeTarget section */
		FB0993F5290025DF00617431 /* myMultimediaApp */ = {
			isa = PBXNativeTarget;
			buildConfigurationList = FB09940D290025E000617431 /* Build configuration list for PBXNativeTarget "myMultimediaApp" */;
			buildPhases = (
				FB0993F2290025DF00617431 /* Sources */,
				FB0993F3290025DF00617431 /* Frameworks */,
				FB0993F4290025DF00617431 /* Resources */,
			);
			buildRules = (
			);
			dependencies = (
			);
			name = myMultimediaApp;
			productName = myMultimediaApp;
			productReference = FB0993F6290025DF00617431 /* myMultimediaApp.app */;
			productType = "com.apple.product-type.application";
		};
/* End PBXNativeTarget section */

/* Begin PBXProject section */
		FB0993EE290025DE00617431 /* Project object */ = {
			isa = PBXProject;
			attributes = {
				BuildIndependentTargetsInParallel = 1;
				LastSwiftUpdateCheck = 1400;
				LastUpgradeCheck = 1400;
				TargetAttributes = {
					FB0993F5290025DF00617431 = {
						CreatedOnToolsVersion = 14.0;
					};
				};
			};
			buildConfigurationList = FB0993F1290025DE00617431 /* Build configuration list for PBXProject "myMultimediaApp" */;
			compatibilityVersion = "Xcode 14.0";
			developmentRegion = en;
			hasScannedForEncodings = 0;
			knownRegions = (
				en,
				Base,
			);
			mainGroup = FB0993ED290025DE00617431;
			productRefGroup = FB0993F7290025DF00617431 /* Products */;
			projectDirPath = "";
			projectRoot = "";
			targets = (
				FB0993F5290025DF00617431 /* myMultimediaApp */,
			);
		};
/* End PBXProject section */

/* Begin PBXResourcesBuildPhase section */
		FB0993F4290025DF00617431 /* Resources */ = {
			isa = PBXResourcesBuildPhase;
			buildActionMask = 2147483647;
			files = (
				FB099409290025E000617431 /* LaunchScreen.storyboard in Resources */,
				FB099406290025E000617431 /* Assets.xcassets in Resources */,
				FB0994182902D1B800617431 /* monke.mp4 in Resources */,
				FB099401290025DF00617431 /* Main.storyboard in Resources */,
			);
			runOnlyForDeploymentPostprocessing = 0;
		};
/* End PBXResourcesBuildPhase section */

/* Begin PBXSourcesBuildPhase section */
		FB0993F2290025DF00617431 /* Sources */ = {
			isa = PBXSourcesBuildPhase;
			buildActionMask = 2147483647;
			files = (
				FB0993FE290025DF00617431 /* ViewController.swift in Sources */,
				FB0993FA290025DF00617431 /* AppDelegate.swift in Sources */,
				FB099404290025DF00617431 /* myMultimediaApp.xcdatamodeld in Sources */,
				FB0994132902C97300617431 /* SecondViewController.swift in Sources */,
				FB0994152902CA9400617431 /* ThirdViewController.swift in Sources */,
				FB0993FC290025DF00617431 /* SceneDelegate.swift in Sources */,
			);
			runOnlyForDeploymentPostprocessing = 0;
		};
/* End PBXSourcesBuildPhase section */

/* Begin PBXVariantGroup section */
		FB0993FF290025DF00617431 /* Main.storyboard */ = {
			isa = PBXVariantGroup;
			children = (
				FB099400290025DF00617431 /* Base */,
			);
			name = Main.storyboard;
			sourceTree = "<group>";
		};
		FB099407290025E000617431 /* LaunchScreen.storyboard */ = {
			isa = PBXVariantGroup;
			children = (
				FB099408290025E000617431 /* Base */,
			);
			name = LaunchScreen.storyboard;
			sourceTree = "<group>";
		};
/* End PBXVariantGroup section */

/* Begin XCBuildConfiguration section */
		FB09940B290025E000617431 /* Debug */ = {
			isa = XCBuildConfiguration;
			buildSettings = {
				ALWAYS_SEARCH_USER_PATHS = NO;
				CLANG_ANALYZER_NONNULL = YES;
				CLANG_ANALYZER_NUMBER_OBJECT_CONVERSION = YES_AGGRESSIVE;
				CLANG_CXX_LANGUAGE_STANDARD = "gnu++20";
				CLANG_ENABLE_MODULES = YES;
				CLANG_ENABLE_OBJC_ARC = YES;
				CLANG_ENABLE_OBJC_WEAK = YES;
				CLANG_WARN_BLOCK_CAPTURE_AUTORELEASING = YES;
				CLANG_WARN_BOOL_CONVERSION = YES;
				CLANG_WARN_COMMA = YES;
				CLANG_WARN_CONSTANT_CONVERSION = YES;
				CLANG_WARN_DEPRECATED_OBJC_IMPLEMENTATIONS = YES;
				CLANG_WARN_DIRECT_OBJC_ISA_USAGE = YES_ERROR;
				CLANG_WARN_DOCUMENTATION_COMMENTS = YES;
				CLANG_WARN_EMPTY_BODY = YES;
				CLANG_WARN_ENUM_CONVERSION = YES;
				CLANG_WARN_INFINITE_RECURSION = YES;
				CLANG_WARN_INT_CONVERSION = YES;
				CLANG_WARN_NON_LITERAL_NULL_CONVERSION = YES;
				CLANG_WARN_OBJC_IMPLICIT_RETAIN_SELF = YES;
				CLANG_WARN_OBJC_LITERAL_CONVERSION = YES;
				CLANG_WARN_OBJC_ROOT_CLASS = YES_ERROR;
				CLANG_WARN_QUOTED_INCLUDE_IN_FRAMEWORK_HEADER = YES;
				CLANG_WARN_RANGE_LOOP_ANALYSIS = YES;
				CLANG_WARN_STRICT_PROTOTYPES = YES;
				CLANG_WARN_SUSPICIOUS_MOVE = YES;
				CLANG_WARN_UNGUARDED_AVAILABILITY = YES_AGGRESSIVE;
				CLANG_WARN_UNREACHABLE_CODE = YES;
				CLANG_WARN__DUPLICATE_METHOD_MATCH = YES;
				COPY_PHASE_STRIP = NO;
				DEBUG_INFORMATION_FORMAT = dwarf;
				ENABLE_STRICT_OBJC_MSGSEND = YES;
				ENABLE_TESTABILITY = YES;
				GCC_C_LANGUAGE_STANDARD = gnu11;
				GCC_DYNAMIC_NO_PIC = NO;
				GCC_NO_COMMON_BLOCKS = YES;
				GCC_OPTIMIZATION_LEVEL = 0;
				GCC_PREPROCESSOR_DEFINITIONS = (
					"DEBUG=1",
					"$(inherited)",
				);
				GCC_WARN_64_TO_32_BIT_CONVERSION = YES;
				GCC_WARN_ABOUT_RETURN_TYPE = YES_ERROR;
				GCC_WARN_UNDECLARED_SELECTOR = YES;
				GCC_WARN_UNINITIALIZED_AUTOS = YES_AGGRESSIVE;
				GCC_WARN_UNUSED_FUNCTION = YES;
				GCC_WARN_UNUSED_VARIABLE = YES;
				IPHONEOS_DEPLOYMENT_TARGET = 16.0;
				MTL_ENABLE_DEBUG_INFO = INCLUDE_SOURCE;
				MTL_FAST_MATH = YES;
				ONLY_ACTIVE_ARCH = YES;
				SDKROOT = iphoneos;
				SWIFT_ACTIVE_COMPILATION_CONDITIONS = DEBUG;
				SWIFT_OPTIMIZATION_LEVEL = "-Onone";
			};
			name = Debug;
		};
		FB09940C290025E000617431 /* Release */ = {
			isa = XCBuildConfiguration;
			buildSettings = {
				ALWAYS_SEARCH_USER_PATHS = NO;
				CLANG_ANALYZER_NONNULL = YES;
				CLANG_ANALYZER_NUMBER_OBJECT_CONVERSION = YES_AGGRESSIVE;
				CLANG_CXX_LANGUAGE_STANDARD = "gnu++20";
				CLANG_ENABLE_MODULES = YES;
				CLANG_ENABLE_OBJC_ARC = YES;
				CLANG_ENABLE_OBJC_WEAK = YES;
				CLANG_WARN_BLOCK_CAPTURE_AUTORELEASING = YES;
				CLANG_WARN_BOOL_CONVERSION = YES;
				CLANG_WARN_COMMA = YES;
				CLANG_WARN_CONSTANT_CONVERSION = YES;
				CLANG_WARN_DEPRECATED_OBJC_IMPLEMENTATIONS = YES;
				CLANG_WARN_DIRECT_OBJC_ISA_USAGE = YES_ERROR;
				CLANG_WARN_DOCUMENTATION_COMMENTS = YES;
				CLANG_WARN_EMPTY_BODY = YES;
				CLANG_WARN_ENUM_CONVERSION = YES;
				CLANG_WARN_INFINITE_RECURSION = YES;
				CLANG_WARN_INT_CONVERSION = YES;
				CLANG_WARN_NON_LITERAL_NULL_CONVERSION = YES;
				CLANG_WARN_OBJC_IMPLICIT_RETAIN_SELF = YES;
				CLANG_WARN_OBJC_LITERAL_CONVERSION = YES;
				CLANG_WARN_OBJC_ROOT_CLASS = YES_ERROR;
				CLANG_WARN_QUOTED_INCLUDE_IN_FRAMEWORK_HEADER = YES;
				CLANG_WARN_RANGE_LOOP_ANALYSIS = YES;
				CLANG_WARN_STRICT_PROTOTYPES = YES;
				CLANG_WARN_SUSPICIOUS_MOVE = YES;
				CLANG_WARN_UNGUARDED_AVAILABILITY = YES_AGGRESSIVE;
				CLANG_WARN_UNREACHABLE_CODE = YES;
				CLANG_WARN__DUPLICATE_METHOD_MATCH = YES;
				COPY_PHASE_STRIP = NO;
				DEBUG_INFORMATION_FORMAT = "dwarf-with-dsym";
				ENABLE_NS_ASSERTIONS = NO;
				ENABLE_STRICT_OBJC_MSGSEND = YES;
				GCC_C_LANGUAGE_STANDARD = gnu11;
				GCC_NO_COMMON_BLOCKS = YES;
				GCC_WARN_64_TO_32_BIT_CONVERSION = YES;
				GCC_WARN_ABOUT_RETURN_TYPE = YES_ERROR;
				GCC_WARN_UNDECLARED_SELECTOR = YES;
				GCC_WARN_UNINITIALIZED_AUTOS = YES_AGGRESSIVE;
				GCC_WARN_UNUSED_FUNCTION = YES;
				GCC_WARN_UNUSED_VARIABLE = YES;
				IPHONEOS_DEPLOYMENT_TARGET = 16.0;
				MTL_ENABLE_DEBUG_INFO = NO;
				MTL_FAST_MATH = YES;
				SDKROOT = iphoneos;
				SWIFT_COMPILATION_MODE = wholemodule;
				SWIFT_OPTIMIZATION_LEVEL = "-O";
				VALIDATE_PRODUCT = YES;
			};
			name = Release;
		};
		FB09940E290025E000617431 /* Debug */ = {
			isa = XCBuildConfiguration;
			buildSettings = {
				ASSETCATALOG_COMPILER_APPICON_NAME = AppIcon;
				ASSETCATALOG_COMPILER_GLOBAL_ACCENT_COLOR_NAME = AccentColor;
				CODE_SIGN_STYLE = Automatic;
				CURRENT_PROJECT_VERSION = 1;
				DEVELOPMENT_TEAM = C5VDB4J3V4;
				GENERATE_INFOPLIST_FILE = YES;
				INFOPLIST_FILE = myMultimediaApp/Info.plist;
				INFOPLIST_KEY_UIApplicationSupportsIndirectInputEvents = YES;
				INFOPLIST_KEY_UILaunchStoryboardName = LaunchScreen;
				INFOPLIST_KEY_UIMainStoryboardFile = Main;
				INFOPLIST_KEY_UISupportedInterfaceOrientations_iPad = "UIInterfaceOrientationPortrait UIInterfaceOrientationPortraitUpsideDown UIInterfaceOrientationLandscapeLeft UIInterfaceOrientationLandscapeRight";
				INFOPLIST_KEY_UISupportedInterfaceOrientations_iPhone = "UIInterfaceOrientationPortrait UIInterfaceOrientationLandscapeLeft UIInterfaceOrientationLandscapeRight";
				LD_RUNPATH_SEARCH_PATHS = (
					"$(inherited)",
					"@executable_path/Frameworks",
				);
				MARKETING_VERSION = 1.0;
				PRODUCT_BUNDLE_IDENTIFIER = A01235998.myMultimediaApp;
				PRODUCT_NAME = "$(TARGET_NAME)";
				SWIFT_EMIT_LOC_STRINGS = YES;
				SWIFT_VERSION = 5.0;
				TARGETED_DEVICE_FAMILY = "1,2";
			};
			name = Debug;
		};
		FB09940F290025E000617431 /* Release */ = {
			isa = XCBuildConfiguration;
			buildSettings = {
				ASSETCATALOG_COMPILER_APPICON_NAME = AppIcon;
				ASSETCATALOG_COMPILER_GLOBAL_ACCENT_COLOR_NAME = AccentColor;
				CODE_SIGN_STYLE = Automatic;
				CURRENT_PROJECT_VERSION = 1;
				DEVELOPMENT_TEAM = C5VDB4J3V4;
				GENERATE_INFOPLIST_FILE = YES;
				INFOPLIST_FILE = myMultimediaApp/Info.plist;
				INFOPLIST_KEY_UIApplicationSupportsIndirectInputEvents = YES;
				INFOPLIST_KEY_UILaunchStoryboardName = LaunchScreen;
				INFOPLIST_KEY_UIMainStoryboardFile = Main;
				INFOPLIST_KEY_UISupportedInterfaceOrientations_iPad = "UIInterfaceOrientationPortrait UIInterfaceOrientationPortraitUpsideDown UIInterfaceOrientationLandscapeLeft UIInterfaceOrientationLandscapeRight";
				INFOPLIST_KEY_UISupportedInterfaceOrientations_iPhone = "UIInterfaceOrientationPortrait UIInterfaceOrientationLandscapeLeft UIInterfaceOrientationLandscapeRight";
				LD_RUNPATH_SEARCH_PATHS = (
					"$(inherited)",
					"@executable_path/Frameworks",
				);
				MARKETING_VERSION = 1.0;
				PRODUCT_BUNDLE_IDENTIFIER = A01235998.myMultimediaApp;
				PRODUCT_NAME = "$(TARGET_NAME)";
				SWIFT_EMIT_LOC_STRINGS = YES;
				SWIFT_VERSION = 5.0;
				TARGETED_DEVICE_FAMILY = "1,2";
			};
			name = Release;
		};
/* End XCBuildConfiguration section */

/* Begin XCConfigurationList section */
		FB0993F1290025DE00617431 /* Build configuration list for PBXProject "myMultimediaApp" */ = {
			isa = XCConfigurationList;
			buildConfigurations = (
				FB09940B290025E000617431 /* Debug */,
				FB09940C290025E000617431 /* Release */,
			);
			defaultConfigurationIsVisible = 0;
			defaultConfigurationName = Release;
		};
		FB09940D290025E000617431 /* Build configuration list for PBXNativeTarget "myMultimediaApp" */ = {
			isa = XCConfigurationList;
			buildConfigurations = (
				FB09940E290025E000617431 /* Debug */,
				FB09940F290025E000617431 /* Release */,
			);
			defaultConfigurationIsVisible = 0;
			defaultConfigurationName = Release;
		};
/* End XCConfigurationList section */

/* Begin XCVersionGroup section */
		FB099402290025DF00617431 /* myMultimediaApp.xcdatamodeld */ = {
			isa = XCVersionGroup;
			children = (
				FB099403290025DF00617431 /* myMultimediaApp.xcdatamodel */,
			);
			currentVersion = FB099403290025DF00617431 /* myMultimediaApp.xcdatamodel */;
			path = myMultimediaApp.xcdatamodeld;
			sourceTree = "<group>";
			versionGroupType = wrapper.xcdatamodel;
		};
/* End XCVersionGroup section */
	};
	rootObject = FB0993EE290025DE00617431 /* Project object */;
}
